
Microsoft Visual Studio Solution File, Format Version 12.00
# Visual Studio Version 16
VisualStudioVersion = 16.0.30523.141
MinimumVisualStudioVersion = 10.0.40219.1
Project("{FAE04EC0-301F-11D3-BF4B-00C04F79EFBC}") = "CA201117", "CA201117.csproj", "{9E9D92BE-F1BD-471E-B14C-CBA9992F8EA7}"
EndProject
Global
	GlobalSection(SolutionConfigurationPlatforms) = preSolution
		Debug|Any CPU = Debug|Any CPU
		Release|Any CPU = Release|Any CPU
	EndGlobalSection
	GlobalSection(ProjectConfigurationPlatforms) = postSolution
		{9E9D92BE-F1BD-471E-B14C-CBA9992F8EA7}.Debug|Any CPU.ActiveCfg = Debug|Any CPU
		{9E9D92BE-F1BD-471E-B14C-CBA9992F8EA7}.Debug|Any CPU.Build.0 = Debug|Any CPU
		{9E9D92BE-F1BD-471E-B14C-CBA9992F8EA7}.Release|Any CPU.ActiveCfg = Release|Any CPU
		{9E9D92BE-F1BD-471E-B14C-CBA9992F8EA7}.Release|Any CPU.Build.0 = Release|Any CPU
	EndGlobalSection
	GlobalSection(SolutionProperties) = preSolution
		HideSolutionNode = FALSE
	EndGlobalSection
	GlobalSection(ExtensibilityGlobals) = postSolution
		SolutionGuid = {C9E7E8C3-A55C-4184-8DE0-51091211903E}
	EndGlobalSection
EndGlobal
